
Microsoft Visual Studio Solution File, Format Version 12.00
# Visual Studio 14
VisualStudioVersion = 14.0.25420.1
MinimumVisualStudioVersion = 10.0.40219.1
Project("{8BC9CEB8-8B4A-11D0-8D11-00A0C91BC942}") = "HelloGitHub", "HelloGitHub\HelloGitHub.vcxproj", "{E390B694-5833-4E27-A1B1-4BE279E4B80A}"
EndProject
Project("{8BC9CEB8-8B4A-11D0-8D11-00A0C91BC942}") = "TheWalkingDead", "TheWalkingDead\TheWalkingDead.vcxproj", "{B809F8FB-7D32-456E-8E1C-89AADBEDE748}"
EndProject
Project("{8BC9CEB8-8B4A-11D0-8D11-00A0C91BC942}") = "DynArray", "DynArray\DynArray.vcxproj", "{E2D48AF6-863C-4A9F-A7AF-92361E46AE13}"
EndProject
Project("{8BC9CEB8-8B4A-11D0-8D11-00A0C91BC942}") = "Testing", "Testing\Testing.vcxproj", "{79931710-5727-4495-9197-C137F22705C7}"
EndProject
Project("{8BC9CEB8-8B4A-11D0-8D11-00A0C91BC942}") = "PlayerRanking", "PlayerRanking\PlayerRanking.vcxproj", "{F3A150D4-C0AD-4DDE-8AD1-33F6EDB5EA65}"
EndProject
Project("{8BC9CEB8-8B4A-11D0-8D11-00A0C91BC942}") = "A08_DEQUE", "A08_DEQUE\A08_DEQUE.vcxproj", "{BF96B55D-8827-4EBB-A7EE-0F5C9ADFE94D}"
EndProject
Global
	GlobalSection(SolutionConfigurationPlatforms) = preSolution
		Debug|x64 = Debug|x64
		Debug|x86 = Debug|x86
		Release|x64 = Release|x64
		Release|x86 = Release|x86
	EndGlobalSection
	GlobalSection(ProjectConfigurationPlatforms) = postSolution
		{E390B694-5833-4E27-A1B1-4BE279E4B80A}.Debug|x64.ActiveCfg = Debug|x64
		{E390B694-5833-4E27-A1B1-4BE279E4B80A}.Debug|x64.Build.0 = Debug|x64
		{E390B694-5833-4E27-A1B1-4BE279E4B80A}.Debug|x86.ActiveCfg = Debug|Win32
		{E390B694-5833-4E27-A1B1-4BE279E4B80A}.Debug|x86.Build.0 = Debug|Win32
		{E390B694-5833-4E27-A1B1-4BE279E4B80A}.Release|x64.ActiveCfg = Release|x64
		{E390B694-5833-4E27-A1B1-4BE279E4B80A}.Release|x64.Build.0 = Release|x64
		{E390B694-5833-4E27-A1B1-4BE279E4B80A}.Release|x86.ActiveCfg = Release|Win32
		{E390B694-5833-4E27-A1B1-4BE279E4B80A}.Release|x86.Build.0 = Release|Win32
		{B809F8FB-7D32-456E-8E1C-89AADBEDE748}.Debug|x64.ActiveCfg = Debug|x64
		{B809F8FB-7D32-456E-8E1C-89AADBEDE748}.Debug|x64.Build.0 = Debug|x64
		{B809F8FB-7D32-456E-8E1C-89AADBEDE748}.Debug|x86.ActiveCfg = Debug|Win32
		{B809F8FB-7D32-456E-8E1C-89AADBEDE748}.Debug|x86.Build.0 = Debug|Win32
		{B809F8FB-7D32-456E-8E1C-89AADBEDE748}.Release|x64.ActiveCfg = Release|x64
		{B809F8FB-7D32-456E-8E1C-89AADBEDE748}.Release|x64.Build.0 = Release|x64
		{B809F8FB-7D32-456E-8E1C-89AADBEDE748}.Release|x86.ActiveCfg = Release|Win32
		{B809F8FB-7D32-456E-8E1C-89AADBEDE748}.Release|x86.Build.0 = Release|Win32
		{E2D48AF6-863C-4A9F-A7AF-92361E46AE13}.Debug|x64.ActiveCfg = Debug|x64
		{E2D48AF6-863C-4A9F-A7AF-92361E46AE13}.Debug|x64.Build.0 = Debug|x64
		{E2D48AF6-863C-4A9F-A7AF-92361E46AE13}.Debug|x86.ActiveCfg = Debug|Win32
		{E2D48AF6-863C-4A9F-A7AF-92361E46AE13}.Debug|x86.Build.0 = Debug|Win32
		{E2D48AF6-863C-4A9F-A7AF-92361E46AE13}.Release|x64.ActiveCfg = Release|x64
		{E2D48AF6-863C-4A9F-A7AF-92361E46AE13}.Release|x64.Build.0 = Release|x64
		{E2D48AF6-863C-4A9F-A7AF-92361E46AE13}.Release|x86.ActiveCfg = Release|Win32
		{E2D48AF6-863C-4A9F-A7AF-92361E46AE13}.Release|x86.Build.0 = Release|Win32
		{79931710-5727-4495-9197-C137F22705C7}.Debug|x64.ActiveCfg = Debug|x64
		{79931710-5727-4495-9197-C137F22705C7}.Debug|x64.Build.0 = Debug|x64
		{79931710-5727-4495-9197-C137F22705C7}.Debug|x86.ActiveCfg = Debug|Win32
		{79931710-5727-4495-9197-C137F22705C7}.Debug|x86.Build.0 = Debug|Win32
		{79931710-5727-4495-9197-C137F22705C7}.Release|x64.ActiveCfg = Release|x64
		{79931710-5727-4495-9197-C137F22705C7}.Release|x64.Build.0 = Release|x64
		{79931710-5727-4495-9197-C137F22705C7}.Release|x86.ActiveCfg = Release|Win32
		{79931710-5727-4495-9197-C137F22705C7}.Release|x86.Build.0 = Release|Win32
		{F3A150D4-C0AD-4DDE-8AD1-33F6EDB5EA65}.Debug|x64.ActiveCfg = Debug|x64
		{F3A150D4-C0AD-4DDE-8AD1-33F6EDB5EA65}.Debug|x64.Build.0 = Debug|x64
		{F3A150D4-C0AD-4DDE-8AD1-33F6EDB5EA65}.Debug|x86.ActiveCfg = Debug|Win32
		{F3A150D4-C0AD-4DDE-8AD1-33F6EDB5EA65}.Debug|x86.Build.0 = Debug|Win32
		{F3A150D4-C0AD-4DDE-8AD1-33F6EDB5EA65}.Release|x64.ActiveCfg = Release|x64
		{F3A150D4-C0AD-4DDE-8AD1-33F6EDB5EA65}.Release|x64.Build.0 = Release|x64
		{F3A150D4-C0AD-4DDE-8AD1-33F6EDB5EA65}.Release|x86.ActiveCfg = Release|Win32
		{F3A150D4-C0AD-4DDE-8AD1-33F6EDB5EA65}.Release|x86.Build.0 = Release|Win32
		{BF96B55D-8827-4EBB-A7EE-0F5C9ADFE94D}.Debug|x64.ActiveCfg = Debug|x64
		{BF96B55D-8827-4EBB-A7EE-0F5C9ADFE94D}.Debug|x64.Build.0 = Debug|x64
		{BF96B55D-8827-4EBB-A7EE-0F5C9ADFE94D}.Debug|x86.ActiveCfg = Debug|Win32
		{BF96B55D-8827-4EBB-A7EE-0F5C9ADFE94D}.Debug|x86.Build.0 = Debug|Win32
		{BF96B55D-8827-4EBB-A7EE-0F5C9ADFE94D}.Release|x64.ActiveCfg = Release|x64
		{BF96B55D-8827-4EBB-A7EE-0F5C9ADFE94D}.Release|x64.Build.0 = Release|x64
		{BF96B55D-8827-4EBB-A7EE-0F5C9ADFE94D}.Release|x86.ActiveCfg = Release|Win32
		{BF96B55D-8827-4EBB-A7EE-0F5C9ADFE94D}.Release|x86.Build.0 = Release|Win32
	EndGlobalSection
	GlobalSection(SolutionProperties) = preSolution
		HideSolutionNode = FALSE
	EndGlobalSection
EndGlobal
